
Microsoft Visual Studio Solution File, Format Version 12.00
# Visual Studio Version 16
VisualStudioVersion = 16.0.30907.101
MinimumVisualStudioVersion = 10.0.40219.1
Project("{FAE04EC0-301F-11D3-BF4B-00C04F79EFBC}") = "FirstWinApplication", "FirstWinApplication\FirstWinApplication.csproj", "{98241436-F153-4E1D-B37E-06020504D6BE}"
EndProject
Global
	GlobalSection(SolutionConfigurationPlatforms) = preSolution
		Debug|Any CPU = Debug|Any CPU
		Release|Any CPU = Release|Any CPU
	EndGlobalSection
	GlobalSection(ProjectConfigurationPlatforms) = postSolution
		{98241436-F153-4E1D-B37E-06020504D6BE}.Debug|Any CPU.ActiveCfg = Debug|Any CPU
		{98241436-F153-4E1D-B37E-06020504D6BE}.Debug|Any CPU.Build.0 = Debug|Any CPU
		{98241436-F153-4E1D-B37E-06020504D6BE}.Release|Any CPU.ActiveCfg = Release|Any CPU
		{98241436-F153-4E1D-B37E-06020504D6BE}.Release|Any CPU.Build.0 = Release|Any CPU
	EndGlobalSection
	GlobalSection(SolutionProperties) = preSolution
		HideSolutionNode = FALSE
	EndGlobalSection
	GlobalSection(ExtensibilityGlobals) = postSolution
		SolutionGuid = {40B1A232-6D2D-4352-88B8-60E66CD1259A}
	EndGlobalSection
EndGlobal
