
Microsoft Visual Studio Solution File, Format Version 12.00
# Visual Studio Version 16
VisualStudioVersion = 16.0.31229.75
MinimumVisualStudioVersion = 10.0.40219.1
Project("{FAE04EC0-301F-11D3-BF4B-00C04F79EFBC}") = "BlobExampleProject", "BlobExampleProject.csproj", "{2FCE4F1E-3768-48AE-B2EC-56533698AC20}"
EndProject
Global
	GlobalSection(SolutionConfigurationPlatforms) = preSolution
		Debug|Any CPU = Debug|Any CPU
		Release|Any CPU = Release|Any CPU
	EndGlobalSection
	GlobalSection(ProjectConfigurationPlatforms) = postSolution
		{2FCE4F1E-3768-48AE-B2EC-56533698AC20}.Debug|Any CPU.ActiveCfg = Debug|Any CPU
		{2FCE4F1E-3768-48AE-B2EC-56533698AC20}.Debug|Any CPU.Build.0 = Debug|Any CPU
		{2FCE4F1E-3768-48AE-B2EC-56533698AC20}.Release|Any CPU.ActiveCfg = Release|Any CPU
		{2FCE4F1E-3768-48AE-B2EC-56533698AC20}.Release|Any CPU.Build.0 = Release|Any CPU
	EndGlobalSection
	GlobalSection(SolutionProperties) = preSolution
		HideSolutionNode = FALSE
	EndGlobalSection
	GlobalSection(ExtensibilityGlobals) = postSolution
		SolutionGuid = {EC087622-C9B8-49E1-8005-9587C6BB47CE}
	EndGlobalSection
EndGlobal
