
Microsoft Visual Studio Solution File, Format Version 12.00
# Visual Studio Version 16
VisualStudioVersion = 16.0.30907.101
MinimumVisualStudioVersion = 10.0.40219.1
Project("{FAE04EC0-301F-11D3-BF4B-00C04F79EFBC}") = "UnderstandingAsynProject", "UnderstandingAsynProject\UnderstandingAsynProject.csproj", "{FF8798CB-8C6A-478B-82AD-18DE72873C19}"
EndProject
Global
	GlobalSection(SolutionConfigurationPlatforms) = preSolution
		Debug|Any CPU = Debug|Any CPU
		Release|Any CPU = Release|Any CPU
	EndGlobalSection
	GlobalSection(ProjectConfigurationPlatforms) = postSolution
		{FF8798CB-8C6A-478B-82AD-18DE72873C19}.Debug|Any CPU.ActiveCfg = Debug|Any CPU
		{FF8798CB-8C6A-478B-82AD-18DE72873C19}.Debug|Any CPU.Build.0 = Debug|Any CPU
		{FF8798CB-8C6A-478B-82AD-18DE72873C19}.Release|Any CPU.ActiveCfg = Release|Any CPU
		{FF8798CB-8C6A-478B-82AD-18DE72873C19}.Release|Any CPU.Build.0 = Release|Any CPU
	EndGlobalSection
	GlobalSection(SolutionProperties) = preSolution
		HideSolutionNode = FALSE
	EndGlobalSection
	GlobalSection(ExtensibilityGlobals) = postSolution
		SolutionGuid = {4BA490A9-2829-462F-AFE2-15D440C602CC}
	EndGlobalSection
EndGlobal
