
Microsoft Visual Studio Solution File, Format Version 12.00
# Visual Studio Version 16
VisualStudioVersion = 16.0.31229.75
MinimumVisualStudioVersion = 10.0.40219.1
Project("{FAE04EC0-301F-11D3-BF4B-00C04F79EFBC}") = "KafkaConsumerApp", "KafkaConsumerApp.csproj", "{71BAB90B-1E01-4C5F-BAF4-31DC932C5763}"
EndProject
Global
	GlobalSection(SolutionConfigurationPlatforms) = preSolution
		Debug|Any CPU = Debug|Any CPU
		Release|Any CPU = Release|Any CPU
	EndGlobalSection
	GlobalSection(ProjectConfigurationPlatforms) = postSolution
		{71BAB90B-1E01-4C5F-BAF4-31DC932C5763}.Debug|Any CPU.ActiveCfg = Debug|Any CPU
		{71BAB90B-1E01-4C5F-BAF4-31DC932C5763}.Debug|Any CPU.Build.0 = Debug|Any CPU
		{71BAB90B-1E01-4C5F-BAF4-31DC932C5763}.Release|Any CPU.ActiveCfg = Release|Any CPU
		{71BAB90B-1E01-4C5F-BAF4-31DC932C5763}.Release|Any CPU.Build.0 = Release|Any CPU
	EndGlobalSection
	GlobalSection(SolutionProperties) = preSolution
		HideSolutionNode = FALSE
	EndGlobalSection
	GlobalSection(ExtensibilityGlobals) = postSolution
		SolutionGuid = {54AE9B93-6EEA-4FE1-8327-D2090C03D43B}
	EndGlobalSection
EndGlobal
