
Microsoft Visual Studio Solution File, Format Version 12.00
# Visual Studio Version 16
VisualStudioVersion = 16.0.30907.101
MinimumVisualStudioVersion = 10.0.40219.1
Project("{FAE04EC0-301F-11D3-BF4B-00C04F79EFBC}") = "FirstAPIApplication", "FirstAPIApplication.csproj", "{D5D3B795-3FCD-4A0A-A02E-78F1451258AB}"
EndProject
Global
	GlobalSection(SolutionConfigurationPlatforms) = preSolution
		Debug|Any CPU = Debug|Any CPU
		Release|Any CPU = Release|Any CPU
	EndGlobalSection
	GlobalSection(ProjectConfigurationPlatforms) = postSolution
		{D5D3B795-3FCD-4A0A-A02E-78F1451258AB}.Debug|Any CPU.ActiveCfg = Debug|Any CPU
		{D5D3B795-3FCD-4A0A-A02E-78F1451258AB}.Debug|Any CPU.Build.0 = Debug|Any CPU
		{D5D3B795-3FCD-4A0A-A02E-78F1451258AB}.Release|Any CPU.ActiveCfg = Release|Any CPU
		{D5D3B795-3FCD-4A0A-A02E-78F1451258AB}.Release|Any CPU.Build.0 = Release|Any CPU
	EndGlobalSection
	GlobalSection(SolutionProperties) = preSolution
		HideSolutionNode = FALSE
	EndGlobalSection
	GlobalSection(ExtensibilityGlobals) = postSolution
		SolutionGuid = {92311BBE-0C64-4F70-BCB5-17E30512C9EF}
	EndGlobalSection
EndGlobal
